
Microsoft Visual Studio Solution File, Format Version 12.00
# Visual Studio Version 17
VisualStudioVersion = 17.0.32014.148
MinimumVisualStudioVersion = 10.0.40219.1
Project("{9A19103F-16F7-4668-BE54-9A1E7A4F7556}") = "01.CreciSP.Mvc", "CreciSP\01.CreciSP.Mvc.csproj", "{D11F1B9B-A16D-4971-BC16-58FEC52BFFDE}"
EndProject
Project("{9A19103F-16F7-4668-BE54-9A1E7A4F7556}") = "03.CreciSP.Domain", "CreciSP.Domain\03.CreciSP.Domain.csproj", "{153D085B-3A0B-4958-A5F6-BD3B0E8EF656}"
EndProject
Project("{9A19103F-16F7-4668-BE54-9A1E7A4F7556}") = "04.CreciSP.Repository", "CreciSP.Repository\04.CreciSP.Repository.csproj", "{6057C028-98A0-4F3D-BC9E-33F4167CB091}"
EndProject
Project("{9A19103F-16F7-4668-BE54-9A1E7A4F7556}") = "06.CreciSP.Test", "CreciSP.Test\06.CreciSP.Test.csproj", "{EC67D07F-7E87-49D2-8B0B-4D321E2FF5D9}"
EndProject
Project("{9A19103F-16F7-4668-BE54-9A1E7A4F7556}") = "05.CreciSP.CrossCutting", "CreciSP.CrossCutting\05.CreciSP.CrossCutting.csproj", "{931C627B-890F-452C-898A-26976FAC8591}"
EndProject
Project("{9A19103F-16F7-4668-BE54-9A1E7A4F7556}") = "02.CreciSP.Application", "CreciSP.Application\02.CreciSP.Application.csproj", "{86632E81-7DC9-425E-95B7-2F89EF561E2F}"
EndProject
Global
	GlobalSection(SolutionConfigurationPlatforms) = preSolution
		Debug|Any CPU = Debug|Any CPU
		Release|Any CPU = Release|Any CPU
	EndGlobalSection
	GlobalSection(ProjectConfigurationPlatforms) = postSolution
		{D11F1B9B-A16D-4971-BC16-58FEC52BFFDE}.Debug|Any CPU.ActiveCfg = Debug|Any CPU
		{D11F1B9B-A16D-4971-BC16-58FEC52BFFDE}.Debug|Any CPU.Build.0 = Debug|Any CPU
		{D11F1B9B-A16D-4971-BC16-58FEC52BFFDE}.Release|Any CPU.ActiveCfg = Release|Any CPU
		{D11F1B9B-A16D-4971-BC16-58FEC52BFFDE}.Release|Any CPU.Build.0 = Release|Any CPU
		{153D085B-3A0B-4958-A5F6-BD3B0E8EF656}.Debug|Any CPU.ActiveCfg = Debug|Any CPU
		{153D085B-3A0B-4958-A5F6-BD3B0E8EF656}.Debug|Any CPU.Build.0 = Debug|Any CPU
		{153D085B-3A0B-4958-A5F6-BD3B0E8EF656}.Release|Any CPU.ActiveCfg = Release|Any CPU
		{153D085B-3A0B-4958-A5F6-BD3B0E8EF656}.Release|Any CPU.Build.0 = Release|Any CPU
		{6057C028-98A0-4F3D-BC9E-33F4167CB091}.Debug|Any CPU.ActiveCfg = Debug|Any CPU
		{6057C028-98A0-4F3D-BC9E-33F4167CB091}.Debug|Any CPU.Build.0 = Debug|Any CPU
		{6057C028-98A0-4F3D-BC9E-33F4167CB091}.Release|Any CPU.ActiveCfg = Release|Any CPU
		{6057C028-98A0-4F3D-BC9E-33F4167CB091}.Release|Any CPU.Build.0 = Release|Any CPU
		{EC67D07F-7E87-49D2-8B0B-4D321E2FF5D9}.Debug|Any CPU.ActiveCfg = Debug|Any CPU
		{EC67D07F-7E87-49D2-8B0B-4D321E2FF5D9}.Debug|Any CPU.Build.0 = Debug|Any CPU
		{EC67D07F-7E87-49D2-8B0B-4D321E2FF5D9}.Release|Any CPU.ActiveCfg = Release|Any CPU
		{EC67D07F-7E87-49D2-8B0B-4D321E2FF5D9}.Release|Any CPU.Build.0 = Release|Any CPU
		{931C627B-890F-452C-898A-26976FAC8591}.Debug|Any CPU.ActiveCfg = Debug|Any CPU
		{931C627B-890F-452C-898A-26976FAC8591}.Debug|Any CPU.Build.0 = Debug|Any CPU
		{931C627B-890F-452C-898A-26976FAC8591}.Release|Any CPU.ActiveCfg = Release|Any CPU
		{931C627B-890F-452C-898A-26976FAC8591}.Release|Any CPU.Build.0 = Release|Any CPU
		{86632E81-7DC9-425E-95B7-2F89EF561E2F}.Debug|Any CPU.ActiveCfg = Debug|Any CPU
		{86632E81-7DC9-425E-95B7-2F89EF561E2F}.Debug|Any CPU.Build.0 = Debug|Any CPU
		{86632E81-7DC9-425E-95B7-2F89EF561E2F}.Release|Any CPU.ActiveCfg = Release|Any CPU
		{86632E81-7DC9-425E-95B7-2F89EF561E2F}.Release|Any CPU.Build.0 = Release|Any CPU
	EndGlobalSection
	GlobalSection(SolutionProperties) = preSolution
		HideSolutionNode = FALSE
	EndGlobalSection
	GlobalSection(ExtensibilityGlobals) = postSolution
		SolutionGuid = {6C3B0414-7CFC-4F48-BF8F-D839DB0BED2C}
	EndGlobalSection
EndGlobal
